
Microsoft Visual Studio Solution File, Format Version 12.00
# Visual Studio Version 17
VisualStudioVersion = 17.9.34607.119
MinimumVisualStudioVersion = 10.0.40219.1
Project("{FAE04EC0-301F-11D3-BF4B-00C04F79EFBC}") = "TranVanQuocThang_378", "TranVanQuocThang_378\TranVanQuocThang_378.csproj", "{22E9BC8B-0DC6-4BA6-B353-2C4B9AA19501}"
EndProject
Global
	GlobalSection(SolutionConfigurationPlatforms) = preSolution
		Debug|Any CPU = Debug|Any CPU
		Release|Any CPU = Release|Any CPU
	EndGlobalSection
	GlobalSection(ProjectConfigurationPlatforms) = postSolution
		{22E9BC8B-0DC6-4BA6-B353-2C4B9AA19501}.Debug|Any CPU.ActiveCfg = Debug|Any CPU
		{22E9BC8B-0DC6-4BA6-B353-2C4B9AA19501}.Debug|Any CPU.Build.0 = Debug|Any CPU
		{22E9BC8B-0DC6-4BA6-B353-2C4B9AA19501}.Release|Any CPU.ActiveCfg = Release|Any CPU
		{22E9BC8B-0DC6-4BA6-B353-2C4B9AA19501}.Release|Any CPU.Build.0 = Release|Any CPU
	EndGlobalSection
	GlobalSection(SolutionProperties) = preSolution
		HideSolutionNode = FALSE
	EndGlobalSection
	GlobalSection(ExtensibilityGlobals) = postSolution
		SolutionGuid = {6BC0041D-400C-44F2-B89A-174374DD55A9}
	EndGlobalSection
EndGlobal
